
Microsoft Visual Studio Solution File, Format Version 12.00
# Visual Studio 2013
VisualStudioVersion = 12.0.21005.1
MinimumVisualStudioVersion = 10.0.40219.1
Project("{FAE04EC0-301F-11D3-BF4B-00C04F79EFBC}") = "my", "my\my.csproj", "{4409F2CE-EDF0-482D-8126-AA99EFF7DD34}"
EndProject
Project("{FAE04EC0-301F-11D3-BF4B-00C04F79EFBC}") = "myn", "myn\myn.csproj", "{5B359D1C-4A72-4A97-85BD-7ACCB87C33B1}"
EndProject
Project("{FAE04EC0-301F-11D3-BF4B-00C04F79EFBC}") = "目标进程", "目标进程\目标进程.csproj", "{ED8E249E-789E-4E4E-AD86-3FC3AC36CF53}"
EndProject
Global
	GlobalSection(SolutionConfigurationPlatforms) = preSolution
		Debug|Any CPU = Debug|Any CPU
		Release|Any CPU = Release|Any CPU
	EndGlobalSection
	GlobalSection(ProjectConfigurationPlatforms) = postSolution
		{4409F2CE-EDF0-482D-8126-AA99EFF7DD34}.Debug|Any CPU.ActiveCfg = Debug|Any CPU
		{4409F2CE-EDF0-482D-8126-AA99EFF7DD34}.Debug|Any CPU.Build.0 = Debug|Any CPU
		{4409F2CE-EDF0-482D-8126-AA99EFF7DD34}.Release|Any CPU.ActiveCfg = Release|Any CPU
		{4409F2CE-EDF0-482D-8126-AA99EFF7DD34}.Release|Any CPU.Build.0 = Release|Any CPU
		{5B359D1C-4A72-4A97-85BD-7ACCB87C33B1}.Debug|Any CPU.ActiveCfg = Debug|Any CPU
		{5B359D1C-4A72-4A97-85BD-7ACCB87C33B1}.Debug|Any CPU.Build.0 = Debug|Any CPU
		{5B359D1C-4A72-4A97-85BD-7ACCB87C33B1}.Release|Any CPU.ActiveCfg = Release|Any CPU
		{5B359D1C-4A72-4A97-85BD-7ACCB87C33B1}.Release|Any CPU.Build.0 = Release|Any CPU
		{ED8E249E-789E-4E4E-AD86-3FC3AC36CF53}.Debug|Any CPU.ActiveCfg = Debug|Any CPU
		{ED8E249E-789E-4E4E-AD86-3FC3AC36CF53}.Debug|Any CPU.Build.0 = Debug|Any CPU
		{ED8E249E-789E-4E4E-AD86-3FC3AC36CF53}.Release|Any CPU.ActiveCfg = Release|Any CPU
		{ED8E249E-789E-4E4E-AD86-3FC3AC36CF53}.Release|Any CPU.Build.0 = Release|Any CPU
	EndGlobalSection
	GlobalSection(SolutionProperties) = preSolution
		HideSolutionNode = FALSE
	EndGlobalSection
EndGlobal
